
Microsoft Visual Studio Solution File, Format Version 12.00
# Visual Studio Version 17
VisualStudioVersion = 17.8.34525.116
MinimumVisualStudioVersion = 10.0.40219.1
Project("{9A19103F-16F7-4668-BE54-9A1E7A4F7556}") = "appContainer", "appContainer\appContainer.csproj", "{77C5C6D5-7DBF-4471-B26F-9A30763072BF}"
EndProject
Project("{FAE04EC0-301F-11D3-BF4B-00C04F79EFBC}") = "appUnitTests", "appUnitTests\appUnitTests.csproj", "{7459ADEC-6F04-4689-8487-0D4BD9956F68}"
EndProject
Global
	GlobalSection(SolutionConfigurationPlatforms) = preSolution
		Debug|Any CPU = Debug|Any CPU
		Release|Any CPU = Release|Any CPU
	EndGlobalSection
	GlobalSection(ProjectConfigurationPlatforms) = postSolution
		{77C5C6D5-7DBF-4471-B26F-9A30763072BF}.Debug|Any CPU.ActiveCfg = Debug|Any CPU
		{77C5C6D5-7DBF-4471-B26F-9A30763072BF}.Debug|Any CPU.Build.0 = Debug|Any CPU
		{77C5C6D5-7DBF-4471-B26F-9A30763072BF}.Release|Any CPU.ActiveCfg = Release|Any CPU
		{77C5C6D5-7DBF-4471-B26F-9A30763072BF}.Release|Any CPU.Build.0 = Release|Any CPU
		{7459ADEC-6F04-4689-8487-0D4BD9956F68}.Debug|Any CPU.ActiveCfg = Debug|Any CPU
		{7459ADEC-6F04-4689-8487-0D4BD9956F68}.Debug|Any CPU.Build.0 = Debug|Any CPU
		{7459ADEC-6F04-4689-8487-0D4BD9956F68}.Release|Any CPU.ActiveCfg = Release|Any CPU
		{7459ADEC-6F04-4689-8487-0D4BD9956F68}.Release|Any CPU.Build.0 = Release|Any CPU
	EndGlobalSection
	GlobalSection(SolutionProperties) = preSolution
		HideSolutionNode = FALSE
	EndGlobalSection
	GlobalSection(ExtensibilityGlobals) = postSolution
		SolutionGuid = {E533A15A-CD5B-4C6D-B478-5FE25C7942FF}
	EndGlobalSection
EndGlobal
