
Microsoft Visual Studio Solution File, Format Version 12.00
# Visual Studio Version 17
VisualStudioVersion = 17.3.32825.248
MinimumVisualStudioVersion = 10.0.40219.1
Project("{8BC9CEB8-8B4A-11D0-8D11-00A0C91BC942}") = "GraphsLab", "GraphsLab\GraphsLab.vcxproj", "{E9A2A074-2B20-49F4-994E-00E5A206C454}"
EndProject
Global
	GlobalSection(SolutionConfigurationPlatforms) = preSolution
		Debug|x64 = Debug|x64
		Debug|x86 = Debug|x86
		Release|x64 = Release|x64
		Release|x86 = Release|x86
	EndGlobalSection
	GlobalSection(ProjectConfigurationPlatforms) = postSolution
		{E9A2A074-2B20-49F4-994E-00E5A206C454}.Debug|x64.ActiveCfg = Debug|x64
		{E9A2A074-2B20-49F4-994E-00E5A206C454}.Debug|x64.Build.0 = Debug|x64
		{E9A2A074-2B20-49F4-994E-00E5A206C454}.Debug|x86.ActiveCfg = Debug|Win32
		{E9A2A074-2B20-49F4-994E-00E5A206C454}.Debug|x86.Build.0 = Debug|Win32
		{E9A2A074-2B20-49F4-994E-00E5A206C454}.Release|x64.ActiveCfg = Release|x64
		{E9A2A074-2B20-49F4-994E-00E5A206C454}.Release|x64.Build.0 = Release|x64
		{E9A2A074-2B20-49F4-994E-00E5A206C454}.Release|x86.ActiveCfg = Release|Win32
		{E9A2A074-2B20-49F4-994E-00E5A206C454}.Release|x86.Build.0 = Release|Win32
	EndGlobalSection
	GlobalSection(SolutionProperties) = preSolution
		HideSolutionNode = FALSE
	EndGlobalSection
	GlobalSection(ExtensibilityGlobals) = postSolution
		SolutionGuid = {90357677-E878-441F-8AAC-275CCC113B24}
	EndGlobalSection
EndGlobal
