
Microsoft Visual Studio Solution File, Format Version 12.00
# Visual Studio Version 17
VisualStudioVersion = 17.7.34031.279
MinimumVisualStudioVersion = 10.0.40219.1
Project("{FAE04EC0-301F-11D3-BF4B-00C04F79EFBC}") = "Tracer", "Tracer\Tracer.csproj", "{AACC9C76-8B18-40E7-886A-A32D2177B960}"
EndProject
Project("{9A19103F-16F7-4668-BE54-9A1E7A4F7556}") = "Program", "Program\Program.csproj", "{8F22C778-2448-447A-9DAD-E74F376097C9}"
EndProject
Project("{9A19103F-16F7-4668-BE54-9A1E7A4F7556}") = "UnitTests", "UnitTests\UnitTests.csproj", "{1C7C7DC7-7EFE-498E-BB60-0DBDBB191D59}"
EndProject
Global
	GlobalSection(SolutionConfigurationPlatforms) = preSolution
		Debug|Any CPU = Debug|Any CPU
		Release|Any CPU = Release|Any CPU
	EndGlobalSection
	GlobalSection(ProjectConfigurationPlatforms) = postSolution
		{AACC9C76-8B18-40E7-886A-A32D2177B960}.Debug|Any CPU.ActiveCfg = Debug|Any CPU
		{AACC9C76-8B18-40E7-886A-A32D2177B960}.Debug|Any CPU.Build.0 = Debug|Any CPU
		{AACC9C76-8B18-40E7-886A-A32D2177B960}.Release|Any CPU.ActiveCfg = Release|Any CPU
		{8F22C778-2448-447A-9DAD-E74F376097C9}.Debug|Any CPU.ActiveCfg = Debug|Any CPU
		{8F22C778-2448-447A-9DAD-E74F376097C9}.Debug|Any CPU.Build.0 = Debug|Any CPU
		{8F22C778-2448-447A-9DAD-E74F376097C9}.Release|Any CPU.ActiveCfg = Release|Any CPU
		{8F22C778-2448-447A-9DAD-E74F376097C9}.Release|Any CPU.Build.0 = Release|Any CPU
		{1C7C7DC7-7EFE-498E-BB60-0DBDBB191D59}.Debug|Any CPU.ActiveCfg = Debug|Any CPU
		{1C7C7DC7-7EFE-498E-BB60-0DBDBB191D59}.Debug|Any CPU.Build.0 = Debug|Any CPU
		{1C7C7DC7-7EFE-498E-BB60-0DBDBB191D59}.Release|Any CPU.ActiveCfg = Release|Any CPU
		{1C7C7DC7-7EFE-498E-BB60-0DBDBB191D59}.Release|Any CPU.Build.0 = Release|Any CPU
	EndGlobalSection
	GlobalSection(SolutionProperties) = preSolution
		HideSolutionNode = FALSE
	EndGlobalSection
	GlobalSection(ExtensibilityGlobals) = postSolution
		SolutionGuid = {AD62A814-A395-48B9-B3EA-DC600FCD2739}
	EndGlobalSection
EndGlobal
