
Microsoft Visual Studio Solution File, Format Version 12.00
# Visual Studio Version 17
VisualStudioVersion = 17.7.34031.279
MinimumVisualStudioVersion = 10.0.40219.1
Project("{8BC9CEB8-8B4A-11D0-8D11-00A0C91BC942}") = "Main", "Main\Main.vcxproj", "{E0C1DD23-B10D-4122-803D-EA744C86C7D1}"
EndProject
Project("{8BC9CEB8-8B4A-11D0-8D11-00A0C91BC942}") = "Process", "Process\Process.vcxproj", "{3DE94532-A325-48E9-92EF-B4D4DF97DDEB}"
EndProject
Project("{8BC9CEB8-8B4A-11D0-8D11-00A0C91BC942}") = "Dll", "Dll\Dll.vcxproj", "{4E013DA3-ACF9-4C6F-B354-7698231EDD39}"
EndProject
Global
	GlobalSection(SolutionConfigurationPlatforms) = preSolution
		Debug|x64 = Debug|x64
		Debug|x86 = Debug|x86
		Release|x64 = Release|x64
		Release|x86 = Release|x86
	EndGlobalSection
	GlobalSection(ProjectConfigurationPlatforms) = postSolution
		{E0C1DD23-B10D-4122-803D-EA744C86C7D1}.Debug|x64.ActiveCfg = Debug|x64
		{E0C1DD23-B10D-4122-803D-EA744C86C7D1}.Debug|x64.Build.0 = Debug|x64
		{E0C1DD23-B10D-4122-803D-EA744C86C7D1}.Debug|x86.ActiveCfg = Debug|Win32
		{E0C1DD23-B10D-4122-803D-EA744C86C7D1}.Debug|x86.Build.0 = Debug|Win32
		{E0C1DD23-B10D-4122-803D-EA744C86C7D1}.Release|x64.ActiveCfg = Release|x64
		{E0C1DD23-B10D-4122-803D-EA744C86C7D1}.Release|x64.Build.0 = Release|x64
		{E0C1DD23-B10D-4122-803D-EA744C86C7D1}.Release|x86.ActiveCfg = Release|Win32
		{E0C1DD23-B10D-4122-803D-EA744C86C7D1}.Release|x86.Build.0 = Release|Win32
		{3DE94532-A325-48E9-92EF-B4D4DF97DDEB}.Debug|x64.ActiveCfg = Debug|x64
		{3DE94532-A325-48E9-92EF-B4D4DF97DDEB}.Debug|x64.Build.0 = Debug|x64
		{3DE94532-A325-48E9-92EF-B4D4DF97DDEB}.Debug|x86.ActiveCfg = Debug|Win32
		{3DE94532-A325-48E9-92EF-B4D4DF97DDEB}.Debug|x86.Build.0 = Debug|Win32
		{3DE94532-A325-48E9-92EF-B4D4DF97DDEB}.Release|x64.ActiveCfg = Release|x64
		{3DE94532-A325-48E9-92EF-B4D4DF97DDEB}.Release|x64.Build.0 = Release|x64
		{3DE94532-A325-48E9-92EF-B4D4DF97DDEB}.Release|x86.ActiveCfg = Release|Win32
		{3DE94532-A325-48E9-92EF-B4D4DF97DDEB}.Release|x86.Build.0 = Release|Win32
		{4E013DA3-ACF9-4C6F-B354-7698231EDD39}.Debug|x64.ActiveCfg = Debug|x64
		{4E013DA3-ACF9-4C6F-B354-7698231EDD39}.Debug|x64.Build.0 = Debug|x64
		{4E013DA3-ACF9-4C6F-B354-7698231EDD39}.Debug|x86.ActiveCfg = Debug|Win32
		{4E013DA3-ACF9-4C6F-B354-7698231EDD39}.Debug|x86.Build.0 = Debug|Win32
		{4E013DA3-ACF9-4C6F-B354-7698231EDD39}.Release|x64.ActiveCfg = Release|x64
		{4E013DA3-ACF9-4C6F-B354-7698231EDD39}.Release|x64.Build.0 = Release|x64
		{4E013DA3-ACF9-4C6F-B354-7698231EDD39}.Release|x86.ActiveCfg = Release|Win32
		{4E013DA3-ACF9-4C6F-B354-7698231EDD39}.Release|x86.Build.0 = Release|Win32
	EndGlobalSection
	GlobalSection(SolutionProperties) = preSolution
		HideSolutionNode = FALSE
	EndGlobalSection
	GlobalSection(ExtensibilityGlobals) = postSolution
		SolutionGuid = {D1575D1C-BA7E-46CA-9DB6-BBA3D226322C}
	EndGlobalSection
EndGlobal
